
Microsoft Visual Studio Solution File, Format Version 12.00
# Visual Studio Version 17
VisualStudioVersion = 17.6.33829.357
MinimumVisualStudioVersion = 10.0.40219.1
Project("{8BC9CEB8-8B4A-11D0-8D11-00A0C91BC942}") = "CP_6.3", "CP_6.3\CP_6.3.vcxproj", "{60D61684-7F2D-4E08-AFA4-D0552C33606D}"
EndProject
Project("{8BC9CEB8-8B4A-11D0-8D11-00A0C91BC942}") = "CP_6.4", "CP_6.4\CP_6.4.vcxproj", "{A63D3397-7E50-44A4-B872-D46AD7F578AA}"
EndProject
Project("{8BC9CEB8-8B4A-11D0-8D11-00A0C91BC942}") = "CP_6.8", "CP_6.8\CP_6.8.vcxproj", "{3ACD21F5-4F1E-428F-B1AE-6D183E66335E}"
EndProject
Project("{8BC9CEB8-8B4A-11D0-8D11-00A0C91BC942}") = "CP_6.9", "CP_6.9\CP_6.9.vcxproj", "{A11338D8-3C2B-4106-BD92-21616AE7D098}"
EndProject
Project("{8BC9CEB8-8B4A-11D0-8D11-00A0C91BC942}") = "CP_6.10", "CP_6.10\CP_6.10.vcxproj", "{2C9FEE66-961E-4F47-9F2B-30BE8565E626}"
EndProject
Project("{8BC9CEB8-8B4A-11D0-8D11-00A0C91BC942}") = "CP_6.17", "CP_6.17\CP_6.17.vcxproj", "{4035DA55-27D0-4968-A233-EFFF598B9C2C}"
EndProject
Project("{8BC9CEB8-8B4A-11D0-8D11-00A0C91BC942}") = "CP_6.18", "CP_6.18\CP_6.18.vcxproj", "{D3C55C26-EF92-4958-B957-87D7C6038F1A}"
EndProject
Project("{8BC9CEB8-8B4A-11D0-8D11-00A0C91BC942}") = "CP_6.22", "CP_6.22\CP_6.22.vcxproj", "{92DBAB5F-88E2-4C74-B768-65C9159488DC}"
EndProject
Project("{8BC9CEB8-8B4A-11D0-8D11-00A0C91BC942}") = "CP_6.23", "CP_6.23\CP_6.23.vcxproj", "{22773FDD-A971-4637-A352-E93F84E5BC9C}"
EndProject
Global
	GlobalSection(SolutionConfigurationPlatforms) = preSolution
		Debug|x64 = Debug|x64
		Debug|x86 = Debug|x86
		Release|x64 = Release|x64
		Release|x86 = Release|x86
	EndGlobalSection
	GlobalSection(ProjectConfigurationPlatforms) = postSolution
		{60D61684-7F2D-4E08-AFA4-D0552C33606D}.Debug|x64.ActiveCfg = Debug|x64
		{60D61684-7F2D-4E08-AFA4-D0552C33606D}.Debug|x64.Build.0 = Debug|x64
		{60D61684-7F2D-4E08-AFA4-D0552C33606D}.Debug|x86.ActiveCfg = Debug|Win32
		{60D61684-7F2D-4E08-AFA4-D0552C33606D}.Debug|x86.Build.0 = Debug|Win32
		{60D61684-7F2D-4E08-AFA4-D0552C33606D}.Release|x64.ActiveCfg = Release|x64
		{60D61684-7F2D-4E08-AFA4-D0552C33606D}.Release|x64.Build.0 = Release|x64
		{60D61684-7F2D-4E08-AFA4-D0552C33606D}.Release|x86.ActiveCfg = Release|Win32
		{60D61684-7F2D-4E08-AFA4-D0552C33606D}.Release|x86.Build.0 = Release|Win32
		{A63D3397-7E50-44A4-B872-D46AD7F578AA}.Debug|x64.ActiveCfg = Debug|x64
		{A63D3397-7E50-44A4-B872-D46AD7F578AA}.Debug|x64.Build.0 = Debug|x64
		{A63D3397-7E50-44A4-B872-D46AD7F578AA}.Debug|x86.ActiveCfg = Debug|Win32
		{A63D3397-7E50-44A4-B872-D46AD7F578AA}.Debug|x86.Build.0 = Debug|Win32
		{A63D3397-7E50-44A4-B872-D46AD7F578AA}.Release|x64.ActiveCfg = Release|x64
		{A63D3397-7E50-44A4-B872-D46AD7F578AA}.Release|x64.Build.0 = Release|x64
		{A63D3397-7E50-44A4-B872-D46AD7F578AA}.Release|x86.ActiveCfg = Release|Win32
		{A63D3397-7E50-44A4-B872-D46AD7F578AA}.Release|x86.Build.0 = Release|Win32
		{3ACD21F5-4F1E-428F-B1AE-6D183E66335E}.Debug|x64.ActiveCfg = Debug|x64
		{3ACD21F5-4F1E-428F-B1AE-6D183E66335E}.Debug|x64.Build.0 = Debug|x64
		{3ACD21F5-4F1E-428F-B1AE-6D183E66335E}.Debug|x86.ActiveCfg = Debug|Win32
		{3ACD21F5-4F1E-428F-B1AE-6D183E66335E}.Debug|x86.Build.0 = Debug|Win32
		{3ACD21F5-4F1E-428F-B1AE-6D183E66335E}.Release|x64.ActiveCfg = Release|x64
		{3ACD21F5-4F1E-428F-B1AE-6D183E66335E}.Release|x64.Build.0 = Release|x64
		{3ACD21F5-4F1E-428F-B1AE-6D183E66335E}.Release|x86.ActiveCfg = Release|Win32
		{3ACD21F5-4F1E-428F-B1AE-6D183E66335E}.Release|x86.Build.0 = Release|Win32
		{A11338D8-3C2B-4106-BD92-21616AE7D098}.Debug|x64.ActiveCfg = Debug|x64
		{A11338D8-3C2B-4106-BD92-21616AE7D098}.Debug|x64.Build.0 = Debug|x64
		{A11338D8-3C2B-4106-BD92-21616AE7D098}.Debug|x86.ActiveCfg = Debug|Win32
		{A11338D8-3C2B-4106-BD92-21616AE7D098}.Debug|x86.Build.0 = Debug|Win32
		{A11338D8-3C2B-4106-BD92-21616AE7D098}.Release|x64.ActiveCfg = Release|x64
		{A11338D8-3C2B-4106-BD92-21616AE7D098}.Release|x64.Build.0 = Release|x64
		{A11338D8-3C2B-4106-BD92-21616AE7D098}.Release|x86.ActiveCfg = Release|Win32
		{A11338D8-3C2B-4106-BD92-21616AE7D098}.Release|x86.Build.0 = Release|Win32
		{2C9FEE66-961E-4F47-9F2B-30BE8565E626}.Debug|x64.ActiveCfg = Debug|x64
		{2C9FEE66-961E-4F47-9F2B-30BE8565E626}.Debug|x64.Build.0 = Debug|x64
		{2C9FEE66-961E-4F47-9F2B-30BE8565E626}.Debug|x86.ActiveCfg = Debug|Win32
		{2C9FEE66-961E-4F47-9F2B-30BE8565E626}.Debug|x86.Build.0 = Debug|Win32
		{2C9FEE66-961E-4F47-9F2B-30BE8565E626}.Release|x64.ActiveCfg = Release|x64
		{2C9FEE66-961E-4F47-9F2B-30BE8565E626}.Release|x64.Build.0 = Release|x64
		{2C9FEE66-961E-4F47-9F2B-30BE8565E626}.Release|x86.ActiveCfg = Release|Win32
		{2C9FEE66-961E-4F47-9F2B-30BE8565E626}.Release|x86.Build.0 = Release|Win32
		{4035DA55-27D0-4968-A233-EFFF598B9C2C}.Debug|x64.ActiveCfg = Debug|x64
		{4035DA55-27D0-4968-A233-EFFF598B9C2C}.Debug|x64.Build.0 = Debug|x64
		{4035DA55-27D0-4968-A233-EFFF598B9C2C}.Debug|x86.ActiveCfg = Debug|Win32
		{4035DA55-27D0-4968-A233-EFFF598B9C2C}.Debug|x86.Build.0 = Debug|Win32
		{4035DA55-27D0-4968-A233-EFFF598B9C2C}.Release|x64.ActiveCfg = Release|x64
		{4035DA55-27D0-4968-A233-EFFF598B9C2C}.Release|x64.Build.0 = Release|x64
		{4035DA55-27D0-4968-A233-EFFF598B9C2C}.Release|x86.ActiveCfg = Release|Win32
		{4035DA55-27D0-4968-A233-EFFF598B9C2C}.Release|x86.Build.0 = Release|Win32
		{D3C55C26-EF92-4958-B957-87D7C6038F1A}.Debug|x64.ActiveCfg = Debug|x64
		{D3C55C26-EF92-4958-B957-87D7C6038F1A}.Debug|x64.Build.0 = Debug|x64
		{D3C55C26-EF92-4958-B957-87D7C6038F1A}.Debug|x86.ActiveCfg = Debug|Win32
		{D3C55C26-EF92-4958-B957-87D7C6038F1A}.Debug|x86.Build.0 = Debug|Win32
		{D3C55C26-EF92-4958-B957-87D7C6038F1A}.Release|x64.ActiveCfg = Release|x64
		{D3C55C26-EF92-4958-B957-87D7C6038F1A}.Release|x64.Build.0 = Release|x64
		{D3C55C26-EF92-4958-B957-87D7C6038F1A}.Release|x86.ActiveCfg = Release|Win32
		{D3C55C26-EF92-4958-B957-87D7C6038F1A}.Release|x86.Build.0 = Release|Win32
		{92DBAB5F-88E2-4C74-B768-65C9159488DC}.Debug|x64.ActiveCfg = Debug|x64
		{92DBAB5F-88E2-4C74-B768-65C9159488DC}.Debug|x64.Build.0 = Debug|x64
		{92DBAB5F-88E2-4C74-B768-65C9159488DC}.Debug|x86.ActiveCfg = Debug|Win32
		{92DBAB5F-88E2-4C74-B768-65C9159488DC}.Debug|x86.Build.0 = Debug|Win32
		{92DBAB5F-88E2-4C74-B768-65C9159488DC}.Release|x64.ActiveCfg = Release|x64
		{92DBAB5F-88E2-4C74-B768-65C9159488DC}.Release|x64.Build.0 = Release|x64
		{92DBAB5F-88E2-4C74-B768-65C9159488DC}.Release|x86.ActiveCfg = Release|Win32
		{92DBAB5F-88E2-4C74-B768-65C9159488DC}.Release|x86.Build.0 = Release|Win32
		{22773FDD-A971-4637-A352-E93F84E5BC9C}.Debug|x64.ActiveCfg = Debug|x64
		{22773FDD-A971-4637-A352-E93F84E5BC9C}.Debug|x64.Build.0 = Debug|x64
		{22773FDD-A971-4637-A352-E93F84E5BC9C}.Debug|x86.ActiveCfg = Debug|Win32
		{22773FDD-A971-4637-A352-E93F84E5BC9C}.Debug|x86.Build.0 = Debug|Win32
		{22773FDD-A971-4637-A352-E93F84E5BC9C}.Release|x64.ActiveCfg = Release|x64
		{22773FDD-A971-4637-A352-E93F84E5BC9C}.Release|x64.Build.0 = Release|x64
		{22773FDD-A971-4637-A352-E93F84E5BC9C}.Release|x86.ActiveCfg = Release|Win32
		{22773FDD-A971-4637-A352-E93F84E5BC9C}.Release|x86.Build.0 = Release|Win32
	EndGlobalSection
	GlobalSection(SolutionProperties) = preSolution
		HideSolutionNode = FALSE
	EndGlobalSection
	GlobalSection(ExtensibilityGlobals) = postSolution
		SolutionGuid = {ED9BD4DE-2D11-4FC7-A97C-1F5FF1E9EDC0}
	EndGlobalSection
EndGlobal
